
Microsoft Visual Studio Solution File, Format Version 12.00
# Visual Studio 14
VisualStudioVersion = 14.0.25420.1
MinimumVisualStudioVersion = 10.0.40219.1
Project("{FAE04EC0-301F-11D3-BF4B-00C04F79EFBC}") = "EH.Android", "EH\EH.Android.csproj", "{FAA91B4B-2B73-4D11-ADF2-E5079CC3C148}"
EndProject
Project("{FAE04EC0-301F-11D3-BF4B-00C04F79EFBC}") = "EH.Common", "Common\EH.Common.csproj", "{67F9D3A8-F71E-4428-913F-C37AE82CDB24}"
EndProject
Global
	GlobalSection(SolutionConfigurationPlatforms) = preSolution
		Debug|Any CPU = Debug|Any CPU
		Release|Any CPU = Release|Any CPU
	EndGlobalSection
	GlobalSection(ProjectConfigurationPlatforms) = postSolution
		{FAA91B4B-2B73-4D11-ADF2-E5079CC3C148}.Debug|Any CPU.ActiveCfg = Debug|Any CPU
		{FAA91B4B-2B73-4D11-ADF2-E5079CC3C148}.Debug|Any CPU.Build.0 = Debug|Any CPU
		{FAA91B4B-2B73-4D11-ADF2-E5079CC3C148}.Debug|Any CPU.Deploy.0 = Debug|Any CPU
		{FAA91B4B-2B73-4D11-ADF2-E5079CC3C148}.Release|Any CPU.ActiveCfg = Release|Any CPU
		{FAA91B4B-2B73-4D11-ADF2-E5079CC3C148}.Release|Any CPU.Build.0 = Release|Any CPU
		{FAA91B4B-2B73-4D11-ADF2-E5079CC3C148}.Release|Any CPU.Deploy.0 = Release|Any CPU
		{67F9D3A8-F71E-4428-913F-C37AE82CDB24}.Debug|Any CPU.ActiveCfg = Debug|Any CPU
		{67F9D3A8-F71E-4428-913F-C37AE82CDB24}.Debug|Any CPU.Build.0 = Debug|Any CPU
		{67F9D3A8-F71E-4428-913F-C37AE82CDB24}.Release|Any CPU.ActiveCfg = Release|Any CPU
		{67F9D3A8-F71E-4428-913F-C37AE82CDB24}.Release|Any CPU.Build.0 = Release|Any CPU
	EndGlobalSection
	GlobalSection(SolutionProperties) = preSolution
		HideSolutionNode = FALSE
	EndGlobalSection
EndGlobal
